// !$*UTF8*$!
{
	archiveVersion = 1;
	classes = {
	};
	objectVersion = 48;
	objects = {

/* Begin PBXBuildFile section */
		5670308F44CFAC9AEEC297FD /* Pods_Space_RocksTests.framework in Frameworks */ = {isa = PBXBuildFile; fileRef = CDB9DC0570EB42DB2543F45C /* Pods_Space_RocksTests.framework */; };
		5F32D0C9A012E14EDC05AAA8 /* Pods_Space_Rocks.framework in Frameworks */ = {isa = PBXBuildFile; fileRef = DA827C39EA2A7C4C23EA5DA4 /* Pods_Space_Rocks.framework */; };
		D9414B0C20722F8100261462 /* AppDelegate.swift in Sources */ = {isa = PBXBuildFile; fileRef = D9414B0B20722F8100261462 /* AppDelegate.swift */; };
		D9414B0E20722F8100261462 /* ViewController.swift in Sources */ = {isa = PBXBuildFile; fileRef = D9414B0D20722F8100261462 /* ViewController.swift */; };
		D9414B1120722F8100261462 /* Main.storyboard in Resources */ = {isa = PBXBuildFile; fileRef = D9414B0F20722F8100261462 /* Main.storyboard */; };
		D9414B1420722F8100261462 /* Space_Rocks.xcdatamodeld in Sources */ = {isa = PBXBuildFile; fileRef = D9414B1220722F8100261462 /* Space_Rocks.xcdatamodeld */; };
		D9414B1620722F8100261462 /* Assets.xcassets in Resources */ = {isa = PBXBuildFile; fileRef = D9414B1520722F8100261462 /* Assets.xcassets */; };
		D9414B1920722F8100261462 /* LaunchScreen.storyboard in Resources */ = {isa = PBXBuildFile; fileRef = D9414B1720722F8100261462 /* LaunchScreen.storyboard */; };
		D9414B2420722F8100261462 /* Space_RocksTests.swift in Sources */ = {isa = PBXBuildFile; fileRef = D9414B2320722F8100261462 /* Space_RocksTests.swift */; };
/* End PBXBuildFile section */

/* Begin PBXContainerItemProxy section */
		D9414B2020722F8100261462 /* PBXContainerItemProxy */ = {
			isa = PBXContainerItemProxy;
			containerPortal = D9414B0020722F8100261462 /* Project object */;
			proxyType = 1;
			remoteGlobalIDString = D9414B0720722F8100261462;
			remoteInfo = "Space Rocks";
		};
/* End PBXContainerItemProxy section */

/* Begin PBXFileReference section */
		1F5F9FC88A10775FB499F5A7 /* Pods-Space RocksTests.debug.xcconfig */ = {isa = PBXFileReference; includeInIndex = 1; lastKnownFileType = text.xcconfig; name = "Pods-Space RocksTests.debug.xcconfig"; path = "Pods/Target Support Files/Pods-Space RocksTests/Pods-Space RocksTests.debug.xcconfig"; sourceTree = "<group>"; };
		7612D0F5EC2C7344DFA3F2AA /* Pods-Space RocksTests.release.xcconfig */ = {isa = PBXFileReference; includeInIndex = 1; lastKnownFileType = text.xcconfig; name = "Pods-Space RocksTests.release.xcconfig"; path = "Pods/Target Support Files/Pods-Space RocksTests/Pods-Space RocksTests.release.xcconfig"; sourceTree = "<group>"; };
		8D80CE5C98F21B525A4AF38D /* Pods-Space Rocks.release.xcconfig */ = {isa = PBXFileReference; includeInIndex = 1; lastKnownFileType = text.xcconfig; name = "Pods-Space Rocks.release.xcconfig"; path = "Pods/Target Support Files/Pods-Space Rocks/Pods-Space Rocks.release.xcconfig"; sourceTree = "<group>"; };
		AD7A9C5A3CA4DDCD515B2D95 /* Pods-Space Rocks.debug.xcconfig */ = {isa = PBXFileReference; includeInIndex = 1; lastKnownFileType = text.xcconfig; name = "Pods-Space Rocks.debug.xcconfig"; path = "Pods/Target Support Files/Pods-Space Rocks/Pods-Space Rocks.debug.xcconfig"; sourceTree = "<group>"; };
		CDB9DC0570EB42DB2543F45C /* Pods_Space_RocksTests.framework */ = {isa = PBXFileReference; explicitFileType = wrapper.framework; includeInIndex = 0; path = Pods_Space_RocksTests.framework; sourceTree = BUILT_PRODUCTS_DIR; };
		D9414B0820722F8100261462 /* Space Rocks.app */ = {isa = PBXFileReference; explicitFileType = wrapper.application; includeInIndex = 0; path = "Space Rocks.app"; sourceTree = BUILT_PRODUCTS_DIR; };
		D9414B0B20722F8100261462 /* AppDelegate.swift */ = {isa = PBXFileReference; lastKnownFileType = sourcecode.swift; path = AppDelegate.swift; sourceTree = "<group>"; };
		D9414B0D20722F8100261462 /* ViewController.swift */ = {isa = PBXFileReference; lastKnownFileType = sourcecode.swift; path = ViewController.swift; sourceTree = "<group>"; };
		D9414B1020722F8100261462 /* Base */ = {isa = PBXFileReference; lastKnownFileType = file.storyboard; name = Base; path = Base.lproj/Main.storyboard; sourceTree = "<group>"; };
		D9414B1320722F8100261462 /* Space_Rocks.xcdatamodel */ = {isa = PBXFileReference; lastKnownFileType = wrapper.xcdatamodel; path = Space_Rocks.xcdatamodel; sourceTree = "<group>"; };
		D9414B1520722F8100261462 /* Assets.xcassets */ = {isa = PBXFileReference; lastKnownFileType = folder.assetcatalog; path = Assets.xcassets; sourceTree = "<group>"; };
		D9414B1820722F8100261462 /* Base */ = {isa = PBXFileReference; lastKnownFileType = file.storyboard; name = Base; path = Base.lproj/LaunchScreen.storyboard; sourceTree = "<group>"; };
		D9414B1A20722F8100261462 /* Info.plist */ = {isa = PBXFileReference; lastKnownFileType = text.plist.xml; path = Info.plist; sourceTree = "<group>"; };
		D9414B1F20722F8100261462 /* Space RocksTests.xctest */ = {isa = PBXFileReference; explicitFileType = wrapper.cfbundle; includeInIndex = 0; path = "Space RocksTests.xctest"; sourceTree = BUILT_PRODUCTS_DIR; };
		D9414B2320722F8100261462 /* Space_RocksTests.swift */ = {isa = PBXFileReference; lastKnownFileType = sourcecode.swift; path = Space_RocksTests.swift; sourceTree = "<group>"; };
		D9414B2520722F8100261462 /* Info.plist */ = {isa = PBXFileReference; lastKnownFileType = text.plist.xml; path = Info.plist; sourceTree = "<group>"; };
		DA827C39EA2A7C4C23EA5DA4 /* Pods_Space_Rocks.framework */ = {isa = PBXFileReference; explicitFileType = wrapper.framework; includeInIndex = 0; path = Pods_Space_Rocks.framework; sourceTree = BUILT_PRODUCTS_DIR; };
/* End PBXFileReference section */

/* Begin PBXFrameworksBuildPhase section */
		D9414B0520722F8100261462 /* Frameworks */ = {
			isa = PBXFrameworksBuildPhase;
			buildActionMask = 2147483647;
			files = (
				5F32D0C9A012E14EDC05AAA8 /* Pods_Space_Rocks.framework in Frameworks */,
			);
			runOnlyForDeploymentPostprocessing = 0;
		};
		D9414B1C20722F8100261462 /* Frameworks */ = {
			isa = PBXFrameworksBuildPhase;
			buildActionMask = 2147483647;
			files = (
				5670308F44CFAC9AEEC297FD /* Pods_Space_RocksTests.framework in Frameworks */,
			);
			runOnlyForDeploymentPostprocessing = 0;
		};
/* End PBXFrameworksBuildPhase section */

/* Begin PBXGroup section */
		88B762AA8A41E53C34829F97 /* Pods */ = {
			isa = PBXGroup;
			children = (
				AD7A9C5A3CA4DDCD515B2D95 /* Pods-Space Rocks.debug.xcconfig */,
				8D80CE5C98F21B525A4AF38D /* Pods-Space Rocks.release.xcconfig */,
				1F5F9FC88A10775FB499F5A7 /* Pods-Space RocksTests.debug.xcconfig */,
				7612D0F5EC2C7344DFA3F2AA /* Pods-Space RocksTests.release.xcconfig */,
			);
			name = Pods;
			sourceTree = "<group>";
		};
		A278826F208C192DE46B61C8 /* Frameworks */ = {
			isa = PBXGroup;
			children = (
				DA827C39EA2A7C4C23EA5DA4 /* Pods_Space_Rocks.framework */,
				CDB9DC0570EB42DB2543F45C /* Pods_Space_RocksTests.framework */,
			);
			name = Frameworks;
			sourceTree = "<group>";
		};
		D9414AFF20722F8100261462 = {
			isa = PBXGroup;
			children = (
				D9414B0A20722F8100261462 /* Space Rocks */,
				D9414B2220722F8100261462 /* Space RocksTests */,
				D9414B0920722F8100261462 /* Products */,
				88B762AA8A41E53C34829F97 /* Pods */,
				A278826F208C192DE46B61C8 /* Frameworks */,
			);
			sourceTree = "<group>";
		};
		D9414B0920722F8100261462 /* Products */ = {
			isa = PBXGroup;
			children = (
				D9414B0820722F8100261462 /* Space Rocks.app */,
				D9414B1F20722F8100261462 /* Space RocksTests.xctest */,
			);
			name = Products;
			sourceTree = "<group>";
		};
		D9414B0A20722F8100261462 /* Space Rocks */ = {
			isa = PBXGroup;
			children = (
				D9414B0B20722F8100261462 /* AppDelegate.swift */,
				D9414B0D20722F8100261462 /* ViewController.swift */,
				D9414B0F20722F8100261462 /* Main.storyboard */,
				D9414B1520722F8100261462 /* Assets.xcassets */,
				D9414B1720722F8100261462 /* LaunchScreen.storyboard */,
				D9414B1A20722F8100261462 /* Info.plist */,
				D9414B1220722F8100261462 /* Space_Rocks.xcdatamodeld */,
			);
			path = "Space Rocks";
			sourceTree = "<group>";
		};
		D9414B2220722F8100261462 /* Space RocksTests */ = {
			isa = PBXGroup;
			children = (
				D9414B2320722F8100261462 /* Space_RocksTests.swift */,
				D9414B2520722F8100261462 /* Info.plist */,
			);
			path = "Space RocksTests";
			sourceTree = "<group>";
		};
/* End PBXGroup section */

/* Begin PBXNativeTarget section */
		D9414B0720722F8100261462 /* Space Rocks */ = {
			isa = PBXNativeTarget;
			buildConfigurationList = D9414B2820722F8100261462 /* Build configuration list for PBXNativeTarget "Space Rocks" */;
			buildPhases = (
				80232BFC5D6AED83B089B9BA /* [CP] Check Pods Manifest.lock */,
				D9414B0420722F8100261462 /* Sources */,
				D9414B0520722F8100261462 /* Frameworks */,
				D9414B0620722F8100261462 /* Resources */,
				1C8D4CC422E5504ED067D7C3 /* [CP] Embed Pods Frameworks */,
				12167B63C1CB43E339B2A668 /* [CP] Copy Pods Resources */,
			);
			buildRules = (
			);
			dependencies = (
			);
			name = "Space Rocks";
			productName = "Space Rocks";
			productReference = D9414B0820722F8100261462 /* Space Rocks.app */;
			productType = "com.apple.product-type.application";
		};
		D9414B1E20722F8100261462 /* Space RocksTests */ = {
			isa = PBXNativeTarget;
			buildConfigurationList = D9414B2B20722F8100261462 /* Build configuration list for PBXNativeTarget "Space RocksTests" */;
			buildPhases = (
				CEBB5A46AAF3E1185C9763EA /* [CP] Check Pods Manifest.lock */,
				D9414B1B20722F8100261462 /* Sources */,
				D9414B1C20722F8100261462 /* Frameworks */,
				D9414B1D20722F8100261462 /* Resources */,
				124F4A6DA46D3389966D9B9E /* [CP] Embed Pods Frameworks */,
				7D484039B5772E3AC0C29198 /* [CP] Copy Pods Resources */,
			);
			buildRules = (
			);
			dependencies = (
				D9414B2120722F8100261462 /* PBXTargetDependency */,
			);
			name = "Space RocksTests";
			productName = "Space RocksTests";
			productReference = D9414B1F20722F8100261462 /* Space RocksTests.xctest */;
			productType = "com.apple.product-type.bundle.unit-test";
		};
/* End PBXNativeTarget section */

/* Begin PBXProject section */
		D9414B0020722F8100261462 /* Project object */ = {
			isa = PBXProject;
			attributes = {
				LastSwiftUpdateCheck = 0920;
				LastUpgradeCheck = 0920;
				ORGANIZATIONNAME = "Radim Langer";
				TargetAttributes = {
					D9414B0720722F8100261462 = {
						CreatedOnToolsVersion = 9.2;
						ProvisioningStyle = Automatic;
					};
					D9414B1E20722F8100261462 = {
						CreatedOnToolsVersion = 9.2;
						ProvisioningStyle = Automatic;
						TestTargetID = D9414B0720722F8100261462;
					};
				};
			};
			buildConfigurationList = D9414B0320722F8100261462 /* Build configuration list for PBXProject "Space Rocks" */;
			compatibilityVersion = "Xcode 8.0";
			developmentRegion = en;
			hasScannedForEncodings = 0;
			knownRegions = (
				en,
				Base,
			);
			mainGroup = D9414AFF20722F8100261462;
			productRefGroup = D9414B0920722F8100261462 /* Products */;
			projectDirPath = "";
			projectRoot = "";
			targets = (
				D9414B0720722F8100261462 /* Space Rocks */,
				D9414B1E20722F8100261462 /* Space RocksTests */,
			);
		};
/* End PBXProject section */

/* Begin PBXResourcesBuildPhase section */
		D9414B0620722F8100261462 /* Resources */ = {
			isa = PBXResourcesBuildPhase;
			buildActionMask = 2147483647;
			files = (
				D9414B1920722F8100261462 /* LaunchScreen.storyboard in Resources */,
				D9414B1620722F8100261462 /* Assets.xcassets in Resources */,
				D9414B1120722F8100261462 /* Main.storyboard in Resources */,
			);
			runOnlyForDeploymentPostprocessing = 0;
		};
		D9414B1D20722F8100261462 /* Resources */ = {
			isa = PBXResourcesBuildPhase;
			buildActionMask = 2147483647;
			files = (
			);
			runOnlyForDeploymentPostprocessing = 0;
		};
/* End PBXResourcesBuildPhase section */

/* Begin PBXShellScriptBuildPhase section */
		12167B63C1CB43E339B2A668 /* [CP] Copy Pods Resources */ = {
			isa = PBXShellScriptBuildPhase;
			buildActionMask = 2147483647;
			files = (
			);
			inputPaths = (
			);
			name = "[CP] Copy Pods Resources";
			outputPaths = (
			);
			runOnlyForDeploymentPostprocessing = 0;
			shellPath = /bin/sh;
			shellScript = "\"${SRCROOT}/Pods/Target Support Files/Pods-Space Rocks/Pods-Space Rocks-resources.sh\"\n";
			showEnvVarsInLog = 0;
		};
		124F4A6DA46D3389966D9B9E /* [CP] Embed Pods Frameworks */ = {
			isa = PBXShellScriptBuildPhase;
			buildActionMask = 2147483647;
			files = (
			);
			inputPaths = (
				"${SRCROOT}/Pods/Target Support Files/Pods-Space RocksTests/Pods-Space RocksTests-frameworks.sh",
				"${BUILT_PRODUCTS_DIR}/Alamofire/Alamofire.framework",
				"${BUILT_PRODUCTS_DIR}/SwiftyJSON/SwiftyJSON.framework",
			);
			name = "[CP] Embed Pods Frameworks";
			outputPaths = (
				"${TARGET_BUILD_DIR}/${FRAMEWORKS_FOLDER_PATH}/Alamofire.framework",
				"${TARGET_BUILD_DIR}/${FRAMEWORKS_FOLDER_PATH}/SwiftyJSON.framework",
			);
			runOnlyForDeploymentPostprocessing = 0;
			shellPath = /bin/sh;
			shellScript = "\"${SRCROOT}/Pods/Target Support Files/Pods-Space RocksTests/Pods-Space RocksTests-frameworks.sh\"\n";
			showEnvVarsInLog = 0;
		};
		1C8D4CC422E5504ED067D7C3 /* [CP] Embed Pods Frameworks */ = {
			isa = PBXShellScriptBuildPhase;
			buildActionMask = 2147483647;
			files = (
			);
			inputPaths = (
				"${SRCROOT}/Pods/Target Support Files/Pods-Space Rocks/Pods-Space Rocks-frameworks.sh",
				"${BUILT_PRODUCTS_DIR}/Alamofire/Alamofire.framework",
				"${BUILT_PRODUCTS_DIR}/SwiftyJSON/SwiftyJSON.framework",
			);
			name = "[CP] Embed Pods Frameworks";
			outputPaths = (
				"${TARGET_BUILD_DIR}/${FRAMEWORKS_FOLDER_PATH}/Alamofire.framework",
				"${TARGET_BUILD_DIR}/${FRAMEWORKS_FOLDER_PATH}/SwiftyJSON.framework",
			);
			runOnlyForDeploymentPostprocessing = 0;
			shellPath = /bin/sh;
			shellScript = "\"${SRCROOT}/Pods/Target Support Files/Pods-Space Rocks/Pods-Space Rocks-frameworks.sh\"\n";
			showEnvVarsInLog = 0;
		};
		7D484039B5772E3AC0C29198 /* [CP] Copy Pods Resources */ = {
			isa = PBXShellScriptBuildPhase;
			buildActionMask = 2147483647;
			files = (
			);
			inputPaths = (
			);
			name = "[CP] Copy Pods Resources";
			outputPaths = (
			);
			runOnlyForDeploymentPostprocessing = 0;
			shellPath = /bin/sh;
			shellScript = "\"${SRCROOT}/Pods/Target Support Files/Pods-Space RocksTests/Pods-Space RocksTests-resources.sh\"\n";
			showEnvVarsInLog = 0;
		};
		80232BFC5D6AED83B089B9BA /* [CP] Check Pods Manifest.lock */ = {
			isa = PBXShellScriptBuildPhase;
			buildActionMask = 2147483647;
			files = (
			);
			inputPaths = (
				"${PODS_PODFILE_DIR_PATH}/Podfile.lock",
				"${PODS_ROOT}/Manifest.lock",
			);
			name = "[CP] Check Pods Manifest.lock";
			outputPaths = (
				"$(DERIVED_FILE_DIR)/Pods-Space Rocks-checkManifestLockResult.txt",
			);
			runOnlyForDeploymentPostprocessing = 0;
			shellPath = /bin/sh;
			shellScript = "diff \"${PODS_PODFILE_DIR_PATH}/Podfile.lock\" \"${PODS_ROOT}/Manifest.lock\" > /dev/null\nif [ $? != 0 ] ; then\n    # print error to STDERR\n    echo \"error: The sandbox is not in sync with the Podfile.lock. Run 'pod install' or update your CocoaPods installation.\" >&2\n    exit 1\nfi\n# This output is used by Xcode 'outputs' to avoid re-running this script phase.\necho \"SUCCESS\" > \"${SCRIPT_OUTPUT_FILE_0}\"\n";
			showEnvVarsInLog = 0;
		};
		CEBB5A46AAF3E1185C9763EA /* [CP] Check Pods Manifest.lock */ = {
			isa = PBXShellScriptBuildPhase;
			buildActionMask = 2147483647;
			files = (
			);
			inputPaths = (
				"${PODS_PODFILE_DIR_PATH}/Podfile.lock",
				"${PODS_ROOT}/Manifest.lock",
			);
			name = "[CP] Check Pods Manifest.lock";
			outputPaths = (
				"$(DERIVED_FILE_DIR)/Pods-Space RocksTests-checkManifestLockResult.txt",
			);
			runOnlyForDeploymentPostprocessing = 0;
			shellPath = /bin/sh;
			shellScript = "diff \"${PODS_PODFILE_DIR_PATH}/Podfile.lock\" \"${PODS_ROOT}/Manifest.lock\" > /dev/null\nif [ $? != 0 ] ; then\n    # print error to STDERR\n    echo \"error: The sandbox is not in sync with the Podfile.lock. Run 'pod install' or update your CocoaPods installation.\" >&2\n    exit 1\nfi\n# This output is used by Xcode 'outputs' to avoid re-running this script phase.\necho \"SUCCESS\" > \"${SCRIPT_OUTPUT_FILE_0}\"\n";
			showEnvVarsInLog = 0;
		};
/* End PBXShellScriptBuildPhase section */

/* Begin PBXSourcesBuildPhase section */
		D9414B0420722F8100261462 /* Sources */ = {
			isa = PBXSourcesBuildPhase;
			buildActionMask = 2147483647;
			files = (
				D9414B1420722F8100261462 /* Space_Rocks.xcdatamodeld in Sources */,
				D9414B0E20722F8100261462 /* ViewController.swift in Sources */,
				D9414B0C20722F8100261462 /* AppDelegate.swift in Sources */,
			);
			runOnlyForDeploymentPostprocessing = 0;
		};
		D9414B1B20722F8100261462 /* Sources */ = {
			isa = PBXSourcesBuildPhase;
			buildActionMask = 2147483647;
			files = (
				D9414B2420722F8100261462 /* Space_RocksTests.swift in Sources */,
			);
			runOnlyForDeploymentPostprocessing = 0;
		};
/* End PBXSourcesBuildPhase section */

/* Begin PBXTargetDependency section */
		D9414B2120722F8100261462 /* PBXTargetDependency */ = {
			isa = PBXTargetDependency;
			target = D9414B0720722F8100261462 /* Space Rocks */;
			targetProxy = D9414B2020722F8100261462 /* PBXContainerItemProxy */;
		};
/* End PBXTargetDependency section */

/* Begin PBXVariantGroup section */
		D9414B0F20722F8100261462 /* Main.storyboard */ = {
			isa = PBXVariantGroup;
			children = (
				D9414B1020722F8100261462 /* Base */,
			);
			name = Main.storyboard;
			sourceTree = "<group>";
		};
		D9414B1720722F8100261462 /* LaunchScreen.storyboard */ = {
			isa = PBXVariantGroup;
			children = (
				D9414B1820722F8100261462 /* Base */,
			);
			name = LaunchScreen.storyboard;
			sourceTree = "<group>";
		};
/* End PBXVariantGroup section */

/* Begin XCBuildConfiguration section */
		D9414B2620722F8100261462 /* Debug */ = {
			isa = XCBuildConfiguration;
			buildSettings = {
				ALWAYS_SEARCH_USER_PATHS = NO;
				CLANG_ANALYZER_NONNULL = YES;
				CLANG_ANALYZER_NUMBER_OBJECT_CONVERSION = YES_AGGRESSIVE;
				CLANG_CXX_LANGUAGE_STANDARD = "gnu++14";
				CLANG_CXX_LIBRARY = "libc++";
				CLANG_ENABLE_MODULES = YES;
				CLANG_ENABLE_OBJC_ARC = YES;
				CLANG_WARN_BLOCK_CAPTURE_AUTORELEASING = YES;
				CLANG_WARN_BOOL_CONVERSION = YES;
				CLANG_WARN_COMMA = YES;
				CLANG_WARN_CONSTANT_CONVERSION = YES;
				CLANG_WARN_DIRECT_OBJC_ISA_USAGE = YES_ERROR;
				CLANG_WARN_DOCUMENTATION_COMMENTS = YES;
				CLANG_WARN_EMPTY_BODY = YES;
				CLANG_WARN_ENUM_CONVERSION = YES;
				CLANG_WARN_INFINITE_RECURSION = YES;
				CLANG_WARN_INT_CONVERSION = YES;
				CLANG_WARN_NON_LITERAL_NULL_CONVERSION = YES;
				CLANG_WARN_OBJC_LITERAL_CONVERSION = YES;
				CLANG_WARN_OBJC_ROOT_CLASS = YES_ERROR;
				CLANG_WARN_RANGE_LOOP_ANALYSIS = YES;
				CLANG_WARN_STRICT_PROTOTYPES = YES;
				CLANG_WARN_SUSPICIOUS_MOVE = YES;
				CLANG_WARN_UNGUARDED_AVAILABILITY = YES_AGGRESSIVE;
				CLANG_WARN_UNREACHABLE_CODE = YES;
				CLANG_WARN__DUPLICATE_METHOD_MATCH = YES;
				CODE_SIGN_IDENTITY = "iPhone Developer";
				COPY_PHASE_STRIP = NO;
				DEBUG_INFORMATION_FORMAT = dwarf;
				ENABLE_STRICT_OBJC_MSGSEND = YES;
				ENABLE_TESTABILITY = YES;
				GCC_C_LANGUAGE_STANDARD = gnu11;
				GCC_DYNAMIC_NO_PIC = NO;
				GCC_NO_COMMON_BLOCKS = YES;
				GCC_OPTIMIZATION_LEVEL = 0;
				GCC_PREPROCESSOR_DEFINITIONS = (
					"DEBUG=1",
					"$(inherited)",
				);
				GCC_WARN_64_TO_32_BIT_CONVERSION = YES;
				GCC_WARN_ABOUT_RETURN_TYPE = YES_ERROR;
				GCC_WARN_UNDECLARED_SELECTOR = YES;
				GCC_WARN_UNINITIALIZED_AUTOS = YES_AGGRESSIVE;
				GCC_WARN_UNUSED_FUNCTION = YES;
				GCC_WARN_UNUSED_VARIABLE = YES;
				IPHONEOS_DEPLOYMENT_TARGET = 11.2;
				MTL_ENABLE_DEBUG_INFO = YES;
				ONLY_ACTIVE_ARCH = YES;
				SDKROOT = iphoneos;
				SWIFT_ACTIVE_COMPILATION_CONDITIONS = DEBUG;
				SWIFT_OPTIMIZATION_LEVEL = "-Onone";
			};
			name = Debug;
		};
		D9414B2720722F8100261462 /* Release */ = {
			isa = XCBuildConfiguration;
			buildSettings = {
				ALWAYS_SEARCH_USER_PATHS = NO;
				CLANG_ANALYZER_NONNULL = YES;
				CLANG_ANALYZER_NUMBER_OBJECT_CONVERSION = YES_AGGRESSIVE;
				CLANG_CXX_LANGUAGE_STANDARD = "gnu++14";
				CLANG_CXX_LIBRARY = "libc++";
				CLANG_ENABLE_MODULES = YES;
				CLANG_ENABLE_OBJC_ARC = YES;
				CLANG_WARN_BLOCK_CAPTURE_AUTORELEASING = YES;
				CLANG_WARN_BOOL_CONVERSION = YES;
				CLANG_WARN_COMMA = YES;
				CLANG_WARN_CONSTANT_CONVERSION = YES;
				CLANG_WARN_DIRECT_OBJC_ISA_USAGE = YES_ERROR;
				CLANG_WARN_DOCUMENTATION_COMMENTS = YES;
				CLANG_WARN_EMPTY_BODY = YES;
				CLANG_WARN_ENUM_CONVERSION = YES;
				CLANG_WARN_INFINITE_RECURSION = YES;
				CLANG_WARN_INT_CONVERSION = YES;
				CLANG_WARN_NON_LITERAL_NULL_CONVERSION = YES;
				CLANG_WARN_OBJC_LITERAL_CONVERSION = YES;
				CLANG_WARN_OBJC_ROOT_CLASS = YES_ERROR;
				CLANG_WARN_RANGE_LOOP_ANALYSIS = YES;
				CLANG_WARN_STRICT_PROTOTYPES = YES;
				CLANG_WARN_SUSPICIOUS_MOVE = YES;
				CLANG_WARN_UNGUARDED_AVAILABILITY = YES_AGGRESSIVE;
				CLANG_WARN_UNREACHABLE_CODE = YES;
				CLANG_WARN__DUPLICATE_METHOD_MATCH = YES;
				CODE_SIGN_IDENTITY = "iPhone Developer";
				COPY_PHASE_STRIP = NO;
				DEBUG_INFORMATION_FORMAT = "dwarf-with-dsym";
				ENABLE_NS_ASSERTIONS = NO;
				ENABLE_STRICT_OBJC_MSGSEND = YES;
				GCC_C_LANGUAGE_STANDARD = gnu11;
				GCC_NO_COMMON_BLOCKS = YES;
				GCC_WARN_64_TO_32_BIT_CONVERSION = YES;
				GCC_WARN_ABOUT_RETURN_TYPE = YES_ERROR;
				GCC_WARN_UNDECLARED_SELECTOR = YES;
				GCC_WARN_UNINITIALIZED_AUTOS = YES_AGGRESSIVE;
				GCC_WARN_UNUSED_FUNCTION = YES;
				GCC_WARN_UNUSED_VARIABLE = YES;
				IPHONEOS_DEPLOYMENT_TARGET = 11.2;
				MTL_ENABLE_DEBUG_INFO = NO;
				SDKROOT = iphoneos;
				SWIFT_OPTIMIZATION_LEVEL = "-Owholemodule";
				VALIDATE_PRODUCT = YES;
			};
			name = Release;
		};
		D9414B2920722F8100261462 /* Debug */ = {
			isa = XCBuildConfiguration;
			baseConfigurationReference = AD7A9C5A3CA4DDCD515B2D95 /* Pods-Space Rocks.debug.xcconfig */;
			buildSettings = {
				ASSETCATALOG_COMPILER_APPICON_NAME = AppIcon;
				CODE_SIGN_STYLE = Automatic;
				DEVELOPMENT_TEAM = XAPRAVT2VF;
				INFOPLIST_FILE = "Space Rocks/Info.plist";
				LD_RUNPATH_SEARCH_PATHS = "$(inherited) @executable_path/Frameworks";
				PRODUCT_BUNDLE_IDENTIFIER = "meteorites2.Space-Rocks";
				PRODUCT_NAME = "$(TARGET_NAME)";
				SWIFT_VERSION = 4.0;
				TARGETED_DEVICE_FAMILY = "1,2";
			};
			name = Debug;
		};
		D9414B2A20722F8100261462 /* Release */ = {
			isa = XCBuildConfiguration;
			baseConfigurationReference = 8D80CE5C98F21B525A4AF38D /* Pods-Space Rocks.release.xcconfig */;
			buildSettings = {
				ASSETCATALOG_COMPILER_APPICON_NAME = AppIcon;
				CODE_SIGN_STYLE = Automatic;
				DEVELOPMENT_TEAM = XAPRAVT2VF;
				INFOPLIST_FILE = "Space Rocks/Info.plist";
				LD_RUNPATH_SEARCH_PATHS = "$(inherited) @executable_path/Frameworks";
				PRODUCT_BUNDLE_IDENTIFIER = "meteorites2.Space-Rocks";
				PRODUCT_NAME = "$(TARGET_NAME)";
				SWIFT_VERSION = 4.0;
				TARGETED_DEVICE_FAMILY = "1,2";
			};
			name = Release;
		};
		D9414B2C20722F8100261462 /* Debug */ = {
			isa = XCBuildConfiguration;
			baseConfigurationReference = 1F5F9FC88A10775FB499F5A7 /* Pods-Space RocksTests.debug.xcconfig */;
			buildSettings = {
				ALWAYS_EMBED_SWIFT_STANDARD_LIBRARIES = YES;
				BUNDLE_LOADER = "$(TEST_HOST)";
				CODE_SIGN_STYLE = Automatic;
				DEVELOPMENT_TEAM = XAPRAVT2VF;
				INFOPLIST_FILE = "Space RocksTests/Info.plist";
				LD_RUNPATH_SEARCH_PATHS = "$(inherited) @executable_path/Frameworks @loader_path/Frameworks";
				PRODUCT_BUNDLE_IDENTIFIER = "meteorites2.Space-RocksTests";
				PRODUCT_NAME = "$(TARGET_NAME)";
				SWIFT_VERSION = 4.0;
				TARGETED_DEVICE_FAMILY = "1,2";
				TEST_HOST = "$(BUILT_PRODUCTS_DIR)/Space Rocks.app/Space Rocks";
			};
			name = Debug;
		};
		D9414B2D20722F8100261462 /* Release */ = {
			isa = XCBuildConfiguration;
			baseConfigurationReference = 7612D0F5EC2C7344DFA3F2AA /* Pods-Space RocksTests.release.xcconfig */;
			buildSettings = {
				ALWAYS_EMBED_SWIFT_STANDARD_LIBRARIES = YES;
				BUNDLE_LOADER = "$(TEST_HOST)";
				CODE_SIGN_STYLE = Automatic;
				DEVELOPMENT_TEAM = XAPRAVT2VF;
				INFOPLIST_FILE = "Space RocksTests/Info.plist";
				LD_RUNPATH_SEARCH_PATHS = "$(inherited) @executable_path/Frameworks @loader_path/Frameworks";
				PRODUCT_BUNDLE_IDENTIFIER = "meteorites2.Space-RocksTests";
				PRODUCT_NAME = "$(TARGET_NAME)";
				SWIFT_VERSION = 4.0;
				TARGETED_DEVICE_FAMILY = "1,2";
				TEST_HOST = "$(BUILT_PRODUCTS_DIR)/Space Rocks.app/Space Rocks";
			};
			name = Release;
		};
/* End XCBuildConfiguration section */

/* Begin XCConfigurationList section */
		D9414B0320722F8100261462 /* Build configuration list for PBXProject "Space Rocks" */ = {
			isa = XCConfigurationList;
			buildConfigurations = (
				D9414B2620722F8100261462 /* Debug */,
				D9414B2720722F8100261462 /* Release */,
			);
			defaultConfigurationIsVisible = 0;
			defaultConfigurationName = Release;
		};
		D9414B2820722F8100261462 /* Build configuration list for PBXNativeTarget "Space Rocks" */ = {
			isa = XCConfigurationList;
			buildConfigurations = (
				D9414B2920722F8100261462 /* Debug */,
				D9414B2A20722F8100261462 /* Release */,
			);
			defaultConfigurationIsVisible = 0;
			defaultConfigurationName = Release;
		};
		D9414B2B20722F8100261462 /* Build configuration list for PBXNativeTarget "Space RocksTests" */ = {
			isa = XCConfigurationList;
			buildConfigurations = (
				D9414B2C20722F8100261462 /* Debug */,
				D9414B2D20722F8100261462 /* Release */,
			);
			defaultConfigurationIsVisible = 0;
			defaultConfigurationName = Release;
		};
/* End XCConfigurationList section */

/* Begin XCVersionGroup section */
		D9414B1220722F8100261462 /* Space_Rocks.xcdatamodeld */ = {
			isa = XCVersionGroup;
			children = (
				D9414B1320722F8100261462 /* Space_Rocks.xcdatamodel */,
			);
			currentVersion = D9414B1320722F8100261462 /* Space_Rocks.xcdatamodel */;
			path = Space_Rocks.xcdatamodeld;
			sourceTree = "<group>";
			versionGroupType = wrapper.xcdatamodel;
		};
/* End XCVersionGroup section */
	};
	rootObject = D9414B0020722F8100261462 /* Project object */;
}
